// !$*UTF8*$!
{
	archiveVersion = 1;
	classes = {
	};
	objectVersion = 77;
	objects = {

/* Begin PBXBuildFile section */
		89D10F2D2DE6A78A00CFA664 /* Adhan in Frameworks */ = {isa = PBXBuildFile; productRef = 89D10F2C2DE6A78A00CFA664 /* Adhan */; };
		89D10F392DE6C22B00CFA664 /* SwiftCSV in Frameworks */ = {isa = PBXBuildFile; productRef = 89D10F382DE6C22B00CFA664 /* SwiftCSV */; };
/* End PBXBuildFile section */

/* Begin PBXContainerItemProxy section */
		89D10F662DF3CFEA00CFA664 /* PBXContainerItemProxy */ = {
			isa = PBXContainerItemProxy;
			containerPortal = 89E6A78D2DE3E96B0040987B /* Project object */;
			proxyType = 1;
			remoteGlobalIDString = 89E6A7942DE3E96B0040987B;
			remoteInfo = SimplyAthan;
		};
/* End PBXContainerItemProxy section */

/* Begin PBXFileReference section */
		897277332E2CC7AB00411854 /* SimplyAdhan-Info.plist */ = {isa = PBXFileReference; lastKnownFileType = text.plist; path = "SimplyAdhan-Info.plist"; sourceTree = "<group>"; };
		89D10F622DF3CFEA00CFA664 /* SimplyAdhanTests.xctest */ = {isa = PBXFileReference; explicitFileType = wrapper.cfbundle; includeInIndex = 0; path = SimplyAdhanTests.xctest; sourceTree = BUILT_PRODUCTS_DIR; };
		89E6A7952DE3E96B0040987B /* SimplyAdhan.app */ = {isa = PBXFileReference; explicitFileType = wrapper.application; includeInIndex = 0; path = SimplyAdhan.app; sourceTree = BUILT_PRODUCTS_DIR; };
/* End PBXFileReference section */

/* Begin PBXFileSystemSynchronizedRootGroup section */
		89D10F632DF3CFEA00CFA664 /* SimplyAthanTests */ = {
			isa = PBXFileSystemSynchronizedRootGroup;
			path = SimplyAthanTests;
			sourceTree = "<group>";
		};
		89E6A7972DE3E96B0040987B /* Athan */ = {
			isa = PBXFileSystemSynchronizedRootGroup;
			path = Athan;
			sourceTree = "<group>";
		};
/* End PBXFileSystemSynchronizedRootGroup section */

/* Begin PBXFrameworksBuildPhase section */
		89D10F5F2DF3CFEA00CFA664 /* Frameworks */ = {
			isa = PBXFrameworksBuildPhase;
			buildActionMask = 2147483647;
			files = (
			);
			runOnlyForDeploymentPostprocessing = 0;
		};
		89E6A7922DE3E96B0040987B /* Frameworks */ = {
			isa = PBXFrameworksBuildPhase;
			buildActionMask = 2147483647;
			files = (
				89D10F2D2DE6A78A00CFA664 /* Adhan in Frameworks */,
				89D10F392DE6C22B00CFA664 /* SwiftCSV in Frameworks */,
			);
			runOnlyForDeploymentPostprocessing = 0;
		};
/* End PBXFrameworksBuildPhase section */

/* Begin PBXGroup section */
		89E6A78C2DE3E96B0040987B = {
			isa = PBXGroup;
			children = (
				897277332E2CC7AB00411854 /* SimplyAdhan-Info.plist */,
				89E6A7972DE3E96B0040987B /* Athan */,
				89D10F632DF3CFEA00CFA664 /* SimplyAthanTests */,
				89E6A7962DE3E96B0040987B /* Products */,
			);
			sourceTree = "<group>";
		};
		89E6A7962DE3E96B0040987B /* Products */ = {
			isa = PBXGroup;
			children = (
				89E6A7952DE3E96B0040987B /* SimplyAdhan.app */,
				89D10F622DF3CFEA00CFA664 /* SimplyAdhanTests.xctest */,
			);
			name = Products;
			sourceTree = "<group>";
		};
/* End PBXGroup section */

/* Begin PBXNativeTarget section */
		89D10F612DF3CFEA00CFA664 /* SimplyAdhanTests */ = {
			isa = PBXNativeTarget;
			buildConfigurationList = 89D10F682DF3CFEA00CFA664 /* Build configuration list for PBXNativeTarget "SimplyAdhanTests" */;
			buildPhases = (
				89D10F5E2DF3CFEA00CFA664 /* Sources */,
				89D10F5F2DF3CFEA00CFA664 /* Frameworks */,
				89D10F602DF3CFEA00CFA664 /* Resources */,
			);
			buildRules = (
			);
			dependencies = (
				89D10F672DF3CFEA00CFA664 /* PBXTargetDependency */,
			);
			fileSystemSynchronizedGroups = (
				89D10F632DF3CFEA00CFA664 /* SimplyAthanTests */,
			);
			name = SimplyAdhanTests;
			packageProductDependencies = (
			);
			productName = SimplyAthanTests;
			productReference = 89D10F622DF3CFEA00CFA664 /* SimplyAdhanTests.xctest */;
			productType = "com.apple.product-type.bundle.unit-test";
		};
		89E6A7942DE3E96B0040987B /* SimplyAdhan */ = {
			isa = PBXNativeTarget;
			buildConfigurationList = 89E6A7A32DE3E96C0040987B /* Build configuration list for PBXNativeTarget "SimplyAdhan" */;
			buildPhases = (
				89E6A7912DE3E96B0040987B /* Sources */,
				89E6A7922DE3E96B0040987B /* Frameworks */,
				89E6A7932DE3E96B0040987B /* Resources */,
			);
			buildRules = (
			);
			dependencies = (
			);
			fileSystemSynchronizedGroups = (
				89E6A7972DE3E96B0040987B /* Athan */,
			);
			name = SimplyAdhan;
			packageProductDependencies = (
				89D10F2C2DE6A78A00CFA664 /* Adhan */,
				89D10F382DE6C22B00CFA664 /* SwiftCSV */,
			);
			productName = Athan;
			productReference = 89E6A7952DE3E96B0040987B /* SimplyAdhan.app */;
			productType = "com.apple.product-type.application";
		};
/* End PBXNativeTarget section */

/* Begin PBXProject section */
		89E6A78D2DE3E96B0040987B /* Project object */ = {
			isa = PBXProject;
			attributes = {
				BuildIndependentTargetsInParallel = 1;
				LastSwiftUpdateCheck = 1620;
				LastUpgradeCheck = 1620;
				TargetAttributes = {
					89D10F612DF3CFEA00CFA664 = {
						CreatedOnToolsVersion = 16.2;
						TestTargetID = 89E6A7942DE3E96B0040987B;
					};
					89E6A7942DE3E96B0040987B = {
						CreatedOnToolsVersion = 16.2;
					};
				};
			};
			buildConfigurationList = 89E6A7902DE3E96B0040987B /* Build configuration list for PBXProject "SimplyAdhan" */;
			developmentRegion = en;
			hasScannedForEncodings = 0;
			knownRegions = (
				en,
				Base,
			);
			mainGroup = 89E6A78C2DE3E96B0040987B;
			minimizedProjectReferenceProxies = 1;
			packageReferences = (
				89D10F2B2DE6A78A00CFA664 /* XCRemoteSwiftPackageReference "adhan-swift" */,
				89D10F372DE6C22B00CFA664 /* XCRemoteSwiftPackageReference "SwiftCSV" */,
			);
			preferredProjectObjectVersion = 77;
			productRefGroup = 89E6A7962DE3E96B0040987B /* Products */;
			projectDirPath = "";
			projectRoot = "";
			targets = (
				89E6A7942DE3E96B0040987B /* SimplyAdhan */,
				89D10F612DF3CFEA00CFA664 /* SimplyAdhanTests */,
			);
		};
/* End PBXProject section */

/* Begin PBXResourcesBuildPhase section */
		89D10F602DF3CFEA00CFA664 /* Resources */ = {
			isa = PBXResourcesBuildPhase;
			buildActionMask = 2147483647;
			files = (
			);
			runOnlyForDeploymentPostprocessing = 0;
		};
		89E6A7932DE3E96B0040987B /* Resources */ = {
			isa = PBXResourcesBuildPhase;
			buildActionMask = 2147483647;
			files = (
			);
			runOnlyForDeploymentPostprocessing = 0;
		};
/* End PBXResourcesBuildPhase section */

/* Begin PBXSourcesBuildPhase section */
		89D10F5E2DF3CFEA00CFA664 /* Sources */ = {
			isa = PBXSourcesBuildPhase;
			buildActionMask = 2147483647;
			files = (
			);
			runOnlyForDeploymentPostprocessing = 0;
		};
		89E6A7912DE3E96B0040987B /* Sources */ = {
			isa = PBXSourcesBuildPhase;
			buildActionMask = 2147483647;
			files = (
			);
			runOnlyForDeploymentPostprocessing = 0;
		};
/* End PBXSourcesBuildPhase section */

/* Begin PBXTargetDependency section */
		89D10F672DF3CFEA00CFA664 /* PBXTargetDependency */ = {
			isa = PBXTargetDependency;
			target = 89E6A7942DE3E96B0040987B /* SimplyAdhan */;
			targetProxy = 89D10F662DF3CFEA00CFA664 /* PBXContainerItemProxy */;
		};
/* End PBXTargetDependency section */

/* Begin XCBuildConfiguration section */
		89D10F692DF3CFEA00CFA664 /* Debug */ = {
			isa = XCBuildConfiguration;
			buildSettings = {
				BUNDLE_LOADER = "$(TEST_HOST)";
				CODE_SIGN_STYLE = Automatic;
				CURRENT_PROJECT_VERSION = 1;
				DEVELOPMENT_TEAM = PUUM8GNHNU;
				GENERATE_INFOPLIST_FILE = YES;
				MARKETING_VERSION = 1.0;
				PRODUCT_BUNDLE_IDENTIFIER = usman.SimplyAthanTests;
				PRODUCT_NAME = "$(TARGET_NAME)";
				SWIFT_EMIT_LOC_STRINGS = NO;
				SWIFT_VERSION = 5.0;
				TARGETED_DEVICE_FAMILY = "1,2";
				TEST_HOST = "$(BUILT_PRODUCTS_DIR)/SimplyAdhan.app/$(BUNDLE_EXECUTABLE_FOLDER_PATH)/SimplyAdhan";
			};
			name = Debug;
		};
		89D10F6A2DF3CFEA00CFA664 /* Release */ = {
			isa = XCBuildConfiguration;
			buildSettings = {
				BUNDLE_LOADER = "$(TEST_HOST)";
				CODE_SIGN_STYLE = Automatic;
				CURRENT_PROJECT_VERSION = 1;
				DEVELOPMENT_TEAM = PUUM8GNHNU;
				GENERATE_INFOPLIST_FILE = YES;
				MARKETING_VERSION = 1.0;
				PRODUCT_BUNDLE_IDENTIFIER = usman.SimplyAthanTests;
				PRODUCT_NAME = "$(TARGET_NAME)";
				SWIFT_EMIT_LOC_STRINGS = NO;
				SWIFT_VERSION = 5.0;
				TARGETED_DEVICE_FAMILY = "1,2";
				TEST_HOST = "$(BUILT_PRODUCTS_DIR)/SimplyAdhan.app/$(BUNDLE_EXECUTABLE_FOLDER_PATH)/SimplyAdhan";
			};
			name = Release;
		};
		89E6A7A12DE3E96C0040987B /* Debug */ = {
			isa = XCBuildConfiguration;
			buildSettings = {
				ALWAYS_SEARCH_USER_PATHS = NO;
				ASSETCATALOG_COMPILER_GENERATE_SWIFT_ASSET_SYMBOL_EXTENSIONS = YES;
				CLANG_ANALYZER_NONNULL = YES;
				CLANG_ANALYZER_NUMBER_OBJECT_CONVERSION = YES_AGGRESSIVE;
				CLANG_CXX_LANGUAGE_STANDARD = "gnu++20";
				CLANG_ENABLE_MODULES = YES;
				CLANG_ENABLE_OBJC_ARC = YES;
				CLANG_ENABLE_OBJC_WEAK = YES;
				CLANG_WARN_BLOCK_CAPTURE_AUTORELEASING = YES;
				CLANG_WARN_BOOL_CONVERSION = YES;
				CLANG_WARN_COMMA = YES;
				CLANG_WARN_CONSTANT_CONVERSION = YES;
				CLANG_WARN_DEPRECATED_OBJC_IMPLEMENTATIONS = YES;
				CLANG_WARN_DIRECT_OBJC_ISA_USAGE = YES_ERROR;
				CLANG_WARN_DOCUMENTATION_COMMENTS = YES;
				CLANG_WARN_EMPTY_BODY = YES;
				CLANG_WARN_ENUM_CONVERSION = YES;
				CLANG_WARN_INFINITE_RECURSION = YES;
				CLANG_WARN_INT_CONVERSION = YES;
				CLANG_WARN_NON_LITERAL_NULL_CONVERSION = YES;
				CLANG_WARN_OBJC_IMPLICIT_RETAIN_SELF = YES;
				CLANG_WARN_OBJC_LITERAL_CONVERSION = YES;
				CLANG_WARN_OBJC_ROOT_CLASS = YES_ERROR;
				CLANG_WARN_QUOTED_INCLUDE_IN_FRAMEWORK_HEADER = YES;
				CLANG_WARN_RANGE_LOOP_ANALYSIS = YES;
				CLANG_WARN_STRICT_PROTOTYPES = YES;
				CLANG_WARN_SUSPICIOUS_MOVE = YES;
				CLANG_WARN_UNGUARDED_AVAILABILITY = YES_AGGRESSIVE;
				CLANG_WARN_UNREACHABLE_CODE = YES;
				CLANG_WARN__DUPLICATE_METHOD_MATCH = YES;
				COPY_PHASE_STRIP = NO;
				DEBUG_INFORMATION_FORMAT = dwarf;
				ENABLE_STRICT_OBJC_MSGSEND = YES;
				ENABLE_TESTABILITY = YES;
				ENABLE_USER_SCRIPT_SANDBOXING = YES;
				GCC_C_LANGUAGE_STANDARD = gnu17;
				GCC_DYNAMIC_NO_PIC = NO;
				GCC_NO_COMMON_BLOCKS = YES;
				GCC_OPTIMIZATION_LEVEL = 0;
				GCC_PREPROCESSOR_DEFINITIONS = (
					"DEBUG=1",
					"$(inherited)",
				);
				GCC_WARN_64_TO_32_BIT_CONVERSION = YES;
				GCC_WARN_ABOUT_RETURN_TYPE = YES_ERROR;
				GCC_WARN_UNDECLARED_SELECTOR = YES;
				GCC_WARN_UNINITIALIZED_AUTOS = YES_AGGRESSIVE;
				GCC_WARN_UNUSED_FUNCTION = YES;
				GCC_WARN_UNUSED_VARIABLE = YES;
				IPHONEOS_DEPLOYMENT_TARGET = 18.2;
				LOCALIZATION_PREFERS_STRING_CATALOGS = YES;
				MTL_ENABLE_DEBUG_INFO = INCLUDE_SOURCE;
				MTL_FAST_MATH = YES;
				ONLY_ACTIVE_ARCH = YES;
				PRODUCT_NAME = SimplyAdhan;
				SDKROOT = iphoneos;
				SWIFT_ACTIVE_COMPILATION_CONDITIONS = "DEBUG $(inherited)";
				SWIFT_OPTIMIZATION_LEVEL = "-Onone";
			};
			name = Debug;
		};
		89E6A7A22DE3E96C0040987B /* Release */ = {
			isa = XCBuildConfiguration;
			buildSettings = {
				ALWAYS_SEARCH_USER_PATHS = NO;
				ASSETCATALOG_COMPILER_GENERATE_SWIFT_ASSET_SYMBOL_EXTENSIONS = YES;
				CLANG_ANALYZER_NONNULL = YES;
				CLANG_ANALYZER_NUMBER_OBJECT_CONVERSION = YES_AGGRESSIVE;
				CLANG_CXX_LANGUAGE_STANDARD = "gnu++20";
				CLANG_ENABLE_MODULES = YES;
				CLANG_ENABLE_OBJC_ARC = YES;
				CLANG_ENABLE_OBJC_WEAK = YES;
				CLANG_WARN_BLOCK_CAPTURE_AUTORELEASING = YES;
				CLANG_WARN_BOOL_CONVERSION = YES;
				CLANG_WARN_COMMA = YES;
				CLANG_WARN_CONSTANT_CONVERSION = YES;
				CLANG_WARN_DEPRECATED_OBJC_IMPLEMENTATIONS = YES;
				CLANG_WARN_DIRECT_OBJC_ISA_USAGE = YES_ERROR;
				CLANG_WARN_DOCUMENTATION_COMMENTS = YES;
				CLANG_WARN_EMPTY_BODY = YES;
				CLANG_WARN_ENUM_CONVERSION = YES;
				CLANG_WARN_INFINITE_RECURSION = YES;
				CLANG_WARN_INT_CONVERSION = YES;
				CLANG_WARN_NON_LITERAL_NULL_CONVERSION = YES;
				CLANG_WARN_OBJC_IMPLICIT_RETAIN_SELF = YES;
				CLANG_WARN_OBJC_LITERAL_CONVERSION = YES;
				CLANG_WARN_OBJC_ROOT_CLASS = YES_ERROR;
				CLANG_WARN_QUOTED_INCLUDE_IN_FRAMEWORK_HEADER = YES;
				CLANG_WARN_RANGE_LOOP_ANALYSIS = YES;
				CLANG_WARN_STRICT_PROTOTYPES = YES;
				CLANG_WARN_SUSPICIOUS_MOVE = YES;
				CLANG_WARN_UNGUARDED_AVAILABILITY = YES_AGGRESSIVE;
				CLANG_WARN_UNREACHABLE_CODE = YES;
				CLANG_WARN__DUPLICATE_METHOD_MATCH = YES;
				COPY_PHASE_STRIP = NO;
				DEBUG_INFORMATION_FORMAT = "dwarf-with-dsym";
				ENABLE_NS_ASSERTIONS = NO;
				ENABLE_STRICT_OBJC_MSGSEND = YES;
				ENABLE_USER_SCRIPT_SANDBOXING = YES;
				GCC_C_LANGUAGE_STANDARD = gnu17;
				GCC_NO_COMMON_BLOCKS = YES;
				GCC_WARN_64_TO_32_BIT_CONVERSION = YES;
				GCC_WARN_ABOUT_RETURN_TYPE = YES_ERROR;
				GCC_WARN_UNDECLARED_SELECTOR = YES;
				GCC_WARN_UNINITIALIZED_AUTOS = YES_AGGRESSIVE;
				GCC_WARN_UNUSED_FUNCTION = YES;
				GCC_WARN_UNUSED_VARIABLE = YES;
				IPHONEOS_DEPLOYMENT_TARGET = 18.2;
				LOCALIZATION_PREFERS_STRING_CATALOGS = YES;
				MTL_ENABLE_DEBUG_INFO = NO;
				MTL_FAST_MATH = YES;
				PRODUCT_NAME = SimplyAdhan;
				SDKROOT = iphoneos;
				SWIFT_COMPILATION_MODE = wholemodule;
				VALIDATE_PRODUCT = YES;
			};
			name = Release;
		};
		89E6A7A42DE3E96C0040987B /* Debug */ = {
			isa = XCBuildConfiguration;
			buildSettings = {
				ASSETCATALOG_COMPILER_APPICON_NAME = AppIcon;
				ASSETCATALOG_COMPILER_GLOBAL_ACCENT_COLOR_NAME = AccentColor;
				CODE_SIGN_IDENTITY = "Apple Development";
				CODE_SIGN_STYLE = Automatic;
				CURRENT_PROJECT_VERSION = 1;
				DEVELOPMENT_ASSET_PATHS = "\"Athan/Preview Content\"";
				DEVELOPMENT_TEAM = PUUM8GNHNU;
				ENABLE_PREVIEWS = YES;
				GENERATE_INFOPLIST_FILE = YES;
				INFOPLIST_FILE = "SimplyAdhan-Info.plist";
				INFOPLIST_KEY_NSLocationWhenInUseUsageDescription = "This app needs your location to show accurate prayer times.";
				INFOPLIST_KEY_UIApplicationSceneManifest_Generation = YES;
				INFOPLIST_KEY_UIApplicationSupportsIndirectInputEvents = YES;
				INFOPLIST_KEY_UILaunchScreen_Generation = YES;
				INFOPLIST_KEY_UISupportedInterfaceOrientations_iPad = "UIInterfaceOrientationPortrait UIInterfaceOrientationLandscapeRight UIInterfaceOrientationLandscapeLeft UIInterfaceOrientationPortraitUpsideDown";
				INFOPLIST_KEY_UISupportedInterfaceOrientations_iPhone = UIInterfaceOrientationPortrait;
				LD_RUNPATH_SEARCH_PATHS = (
					"$(inherited)",
					"@executable_path/Frameworks",
				);
				MARKETING_VERSION = 1.0;
				PRODUCT_BUNDLE_IDENTIFIER = simplyadhan;
				PRODUCT_NAME = "$(TARGET_NAME)";
				PROVISIONING_PROFILE_SPECIFIER = "";
				SWIFT_EMIT_LOC_STRINGS = YES;
				SWIFT_VERSION = 5.0;
				TARGETED_DEVICE_FAMILY = "1,2";
			};
			name = Debug;
		};
		89E6A7A52DE3E96C0040987B /* Release */ = {
			isa = XCBuildConfiguration;
			buildSettings = {
				ASSETCATALOG_COMPILER_APPICON_NAME = AppIcon;
				ASSETCATALOG_COMPILER_GLOBAL_ACCENT_COLOR_NAME = AccentColor;
				CODE_SIGN_IDENTITY = "Apple Development";
				CODE_SIGN_STYLE = Automatic;
				CURRENT_PROJECT_VERSION = 1;
				DEVELOPMENT_ASSET_PATHS = "\"Athan/Preview Content\"";
				DEVELOPMENT_TEAM = PUUM8GNHNU;
				ENABLE_PREVIEWS = YES;
				GENERATE_INFOPLIST_FILE = YES;
				INFOPLIST_FILE = "SimplyAdhan-Info.plist";
				INFOPLIST_KEY_NSLocationWhenInUseUsageDescription = "This app needs your location to show accurate prayer times.";
				INFOPLIST_KEY_UIApplicationSceneManifest_Generation = YES;
				INFOPLIST_KEY_UIApplicationSupportsIndirectInputEvents = YES;
				INFOPLIST_KEY_UILaunchScreen_Generation = YES;
				INFOPLIST_KEY_UISupportedInterfaceOrientations_iPad = "UIInterfaceOrientationPortrait UIInterfaceOrientationLandscapeRight UIInterfaceOrientationLandscapeLeft UIInterfaceOrientationPortraitUpsideDown";
				INFOPLIST_KEY_UISupportedInterfaceOrientations_iPhone = UIInterfaceOrientationPortrait;
				LD_RUNPATH_SEARCH_PATHS = (
					"$(inherited)",
					"@executable_path/Frameworks",
				);
				MARKETING_VERSION = 1.0;
				PRODUCT_BUNDLE_IDENTIFIER = simplyadhan;
				PRODUCT_NAME = "$(TARGET_NAME)";
				PROVISIONING_PROFILE_SPECIFIER = "";
				SWIFT_EMIT_LOC_STRINGS = YES;
				SWIFT_VERSION = 5.0;
				TARGETED_DEVICE_FAMILY = "1,2";
			};
			name = Release;
		};
/* End XCBuildConfiguration section */

/* Begin XCConfigurationList section */
		89D10F682DF3CFEA00CFA664 /* Build configuration list for PBXNativeTarget "SimplyAdhanTests" */ = {
			isa = XCConfigurationList;
			buildConfigurations = (
				89D10F692DF3CFEA00CFA664 /* Debug */,
				89D10F6A2DF3CFEA00CFA664 /* Release */,
			);
			defaultConfigurationIsVisible = 0;
			defaultConfigurationName = Release;
		};
		89E6A7902DE3E96B0040987B /* Build configuration list for PBXProject "SimplyAdhan" */ = {
			isa = XCConfigurationList;
			buildConfigurations = (
				89E6A7A12DE3E96C0040987B /* Debug */,
				89E6A7A22DE3E96C0040987B /* Release */,
			);
			defaultConfigurationIsVisible = 0;
			defaultConfigurationName = Release;
		};
		89E6A7A32DE3E96C0040987B /* Build configuration list for PBXNativeTarget "SimplyAdhan" */ = {
			isa = XCConfigurationList;
			buildConfigurations = (
				89E6A7A42DE3E96C0040987B /* Debug */,
				89E6A7A52DE3E96C0040987B /* Release */,
			);
			defaultConfigurationIsVisible = 0;
			defaultConfigurationName = Release;
		};
/* End XCConfigurationList section */

/* Begin XCRemoteSwiftPackageReference section */
		89D10F2B2DE6A78A00CFA664 /* XCRemoteSwiftPackageReference "adhan-swift" */ = {
			isa = XCRemoteSwiftPackageReference;
			repositoryURL = "https://github.com/batoulapps/adhan-swift";
			requirement = {
				kind = upToNextMajorVersion;
				minimumVersion = 1.4.0;
			};
		};
		89D10F372DE6C22B00CFA664 /* XCRemoteSwiftPackageReference "SwiftCSV" */ = {
			isa = XCRemoteSwiftPackageReference;
			repositoryURL = "https://github.com/swiftcsv/SwiftCSV";
			requirement = {
				kind = upToNextMajorVersion;
				minimumVersion = 0.10.0;
			};
		};
/* End XCRemoteSwiftPackageReference section */

/* Begin XCSwiftPackageProductDependency section */
		89D10F2C2DE6A78A00CFA664 /* Adhan */ = {
			isa = XCSwiftPackageProductDependency;
			package = 89D10F2B2DE6A78A00CFA664 /* XCRemoteSwiftPackageReference "adhan-swift" */;
			productName = Adhan;
		};
		89D10F382DE6C22B00CFA664 /* SwiftCSV */ = {
			isa = XCSwiftPackageProductDependency;
			package = 89D10F372DE6C22B00CFA664 /* XCRemoteSwiftPackageReference "SwiftCSV" */;
			productName = SwiftCSV;
		};
/* End XCSwiftPackageProductDependency section */
	};
	rootObject = 89E6A78D2DE3E96B0040987B /* Project object */;
}
